
Microsoft Visual Studio Solution File, Format Version 12.00
# Visual Studio Version 17
VisualStudioVersion = 17.8.34601.278
MinimumVisualStudioVersion = 10.0.40219.1
Project("{FAE04EC0-301F-11D3-BF4B-00C04F79EFBC}") = "BW4", "BW4\BW4.csproj", "{1E78D2C4-6366-46B3-AF5B-119F63035D22}"
EndProject
Global
	GlobalSection(SolutionConfigurationPlatforms) = preSolution
		Debug|Any CPU = Debug|Any CPU
		Release|Any CPU = Release|Any CPU
	EndGlobalSection
	GlobalSection(ProjectConfigurationPlatforms) = postSolution
		{1E78D2C4-6366-46B3-AF5B-119F63035D22}.Debug|Any CPU.ActiveCfg = Debug|Any CPU
		{1E78D2C4-6366-46B3-AF5B-119F63035D22}.Debug|Any CPU.Build.0 = Debug|Any CPU
		{1E78D2C4-6366-46B3-AF5B-119F63035D22}.Release|Any CPU.ActiveCfg = Release|Any CPU
		{1E78D2C4-6366-46B3-AF5B-119F63035D22}.Release|Any CPU.Build.0 = Release|Any CPU
	EndGlobalSection
	GlobalSection(SolutionProperties) = preSolution
		HideSolutionNode = FALSE
	EndGlobalSection
	GlobalSection(ExtensibilityGlobals) = postSolution
		SolutionGuid = {AD19C36F-1C29-4C77-A02D-A43BDAB6EBEE}
	EndGlobalSection
EndGlobal
